
Microsoft Visual Studio Solution File, Format Version 12.00
# Visual Studio Version 17
VisualStudioVersion = 17.7.34024.191
MinimumVisualStudioVersion = 10.0.40219.1
Project("{FAE04EC0-301F-11D3-BF4B-00C04F79EFBC}") = "Uppgift 6.5", "Uppgift 6.5\Uppgift 6.5.csproj", "{9EFF1388-8C95-4BD8-A7B4-C2E51800FB71}"
EndProject
Global
	GlobalSection(SolutionConfigurationPlatforms) = preSolution
		Debug|Any CPU = Debug|Any CPU
		Release|Any CPU = Release|Any CPU
	EndGlobalSection
	GlobalSection(ProjectConfigurationPlatforms) = postSolution
		{9EFF1388-8C95-4BD8-A7B4-C2E51800FB71}.Debug|Any CPU.ActiveCfg = Debug|Any CPU
		{9EFF1388-8C95-4BD8-A7B4-C2E51800FB71}.Debug|Any CPU.Build.0 = Debug|Any CPU
		{9EFF1388-8C95-4BD8-A7B4-C2E51800FB71}.Release|Any CPU.ActiveCfg = Release|Any CPU
		{9EFF1388-8C95-4BD8-A7B4-C2E51800FB71}.Release|Any CPU.Build.0 = Release|Any CPU
	EndGlobalSection
	GlobalSection(SolutionProperties) = preSolution
		HideSolutionNode = FALSE
	EndGlobalSection
	GlobalSection(ExtensibilityGlobals) = postSolution
		SolutionGuid = {673903C7-4C35-4DA8-9878-EB750FC0998A}
	EndGlobalSection
EndGlobal
